
Microsoft Visual Studio Solution File, Format Version 12.00
# Visual Studio Version 16
VisualStudioVersion = 16.0.31129.286
MinimumVisualStudioVersion = 10.0.40219.1
Project("{8BC9CEB8-8B4A-11D0-8D11-00A0C91BC942}") = "PV-122 clone", "PV-122 clone\PV-122 clone.vcxproj", "{8D82832B-9840-46DC-9014-DE391DED1B1E}"
EndProject
Project("{8BC9CEB8-8B4A-11D0-8D11-00A0C91BC942}") = "String", "String\String.vcxproj", "{E89DAB14-8F25-49F8-AD7A-7E65C72C2D97}"
EndProject
Project("{8BC9CEB8-8B4A-11D0-8D11-00A0C91BC942}") = "Matrix", "Matrix\Matrix.vcxproj", "{103624ED-7A2A-4915-9928-7775D06C28E6}"
EndProject
Global
	GlobalSection(SolutionConfigurationPlatforms) = preSolution
		Debug|x64 = Debug|x64
		Debug|x86 = Debug|x86
		Release|x64 = Release|x64
		Release|x86 = Release|x86
	EndGlobalSection
	GlobalSection(ProjectConfigurationPlatforms) = postSolution
		{8D82832B-9840-46DC-9014-DE391DED1B1E}.Debug|x64.ActiveCfg = Debug|x64
		{8D82832B-9840-46DC-9014-DE391DED1B1E}.Debug|x64.Build.0 = Debug|x64
		{8D82832B-9840-46DC-9014-DE391DED1B1E}.Debug|x86.ActiveCfg = Debug|Win32
		{8D82832B-9840-46DC-9014-DE391DED1B1E}.Debug|x86.Build.0 = Debug|Win32
		{8D82832B-9840-46DC-9014-DE391DED1B1E}.Release|x64.ActiveCfg = Release|x64
		{8D82832B-9840-46DC-9014-DE391DED1B1E}.Release|x64.Build.0 = Release|x64
		{8D82832B-9840-46DC-9014-DE391DED1B1E}.Release|x86.ActiveCfg = Release|Win32
		{8D82832B-9840-46DC-9014-DE391DED1B1E}.Release|x86.Build.0 = Release|Win32
		{E89DAB14-8F25-49F8-AD7A-7E65C72C2D97}.Debug|x64.ActiveCfg = Debug|x64
		{E89DAB14-8F25-49F8-AD7A-7E65C72C2D97}.Debug|x64.Build.0 = Debug|x64
		{E89DAB14-8F25-49F8-AD7A-7E65C72C2D97}.Debug|x86.ActiveCfg = Debug|Win32
		{E89DAB14-8F25-49F8-AD7A-7E65C72C2D97}.Debug|x86.Build.0 = Debug|Win32
		{E89DAB14-8F25-49F8-AD7A-7E65C72C2D97}.Release|x64.ActiveCfg = Release|x64
		{E89DAB14-8F25-49F8-AD7A-7E65C72C2D97}.Release|x64.Build.0 = Release|x64
		{E89DAB14-8F25-49F8-AD7A-7E65C72C2D97}.Release|x86.ActiveCfg = Release|Win32
		{E89DAB14-8F25-49F8-AD7A-7E65C72C2D97}.Release|x86.Build.0 = Release|Win32
		{103624ED-7A2A-4915-9928-7775D06C28E6}.Debug|x64.ActiveCfg = Debug|x64
		{103624ED-7A2A-4915-9928-7775D06C28E6}.Debug|x64.Build.0 = Debug|x64
		{103624ED-7A2A-4915-9928-7775D06C28E6}.Debug|x86.ActiveCfg = Debug|Win32
		{103624ED-7A2A-4915-9928-7775D06C28E6}.Debug|x86.Build.0 = Debug|Win32
		{103624ED-7A2A-4915-9928-7775D06C28E6}.Release|x64.ActiveCfg = Release|x64
		{103624ED-7A2A-4915-9928-7775D06C28E6}.Release|x64.Build.0 = Release|x64
		{103624ED-7A2A-4915-9928-7775D06C28E6}.Release|x86.ActiveCfg = Release|Win32
		{103624ED-7A2A-4915-9928-7775D06C28E6}.Release|x86.Build.0 = Release|Win32
	EndGlobalSection
	GlobalSection(SolutionProperties) = preSolution
		HideSolutionNode = FALSE
	EndGlobalSection
	GlobalSection(ExtensibilityGlobals) = postSolution
		SolutionGuid = {D5E5D518-3787-4D03-A757-9C9EA910DB1B}
	EndGlobalSection
EndGlobal
